
Microsoft Visual Studio Solution File, Format Version 12.00
# Visual Studio Version 16
VisualStudioVersion = 16.0.29709.97
MinimumVisualStudioVersion = 10.0.40219.1
Project("{FAE04EC0-301F-11D3-BF4B-00C04F79EFBC}") = "ClientCentralRevised", "ClientCentralRevised\ClientCentralRevised.csproj", "{FE255189-0987-4AB3-812E-D331171BC3EB}"
EndProject
Global
	GlobalSection(SolutionConfigurationPlatforms) = preSolution
		Debug|Any CPU = Debug|Any CPU
		Release|Any CPU = Release|Any CPU
	EndGlobalSection
	GlobalSection(ProjectConfigurationPlatforms) = postSolution
		{FE255189-0987-4AB3-812E-D331171BC3EB}.Debug|Any CPU.ActiveCfg = Debug|Any CPU
		{FE255189-0987-4AB3-812E-D331171BC3EB}.Debug|Any CPU.Build.0 = Debug|Any CPU
		{FE255189-0987-4AB3-812E-D331171BC3EB}.Release|Any CPU.ActiveCfg = Release|Any CPU
		{FE255189-0987-4AB3-812E-D331171BC3EB}.Release|Any CPU.Build.0 = Release|Any CPU
	EndGlobalSection
	GlobalSection(SolutionProperties) = preSolution
		HideSolutionNode = FALSE
	EndGlobalSection
	GlobalSection(ExtensibilityGlobals) = postSolution
		SolutionGuid = {594DD53E-4BE9-42E2-89BE-3615E8857FEA}
	EndGlobalSection
EndGlobal
